{
  "name": "@literacyplanet/dynamo_scan",
  "version": "1.0.0",
  "dependencies": {
    "async": {
      "version": "1.4.0",
      "from": "async@^1.4.0",
      "resolved": "https://registry.npmjs.org/async/-/async-1.4.0.tgz"
    },
    "aws-sdk": {
      "version": "2.1.42",
      "from": "aws-sdk@^2.1.42",
      "resolved": "https://registry.npmjs.org/aws-sdk/-/aws-sdk-2.1.42.tgz",
      "dependencies": {
        "sax": {
          "version": "0.5.3",
          "from": "sax@0.5.3",
          "resolved": "https://registry.npmjs.org/sax/-/sax-0.5.3.tgz"
        },
        "xml2js": {
          "version": "0.2.8",
          "from": "xml2js@0.2.8",
          "resolved": "https://registry.npmjs.org/xml2js/-/xml2js-0.2.8.tgz"
        },
        "xmlbuilder": {
          "version": "0.4.2",
          "from": "xmlbuilder@0.4.2",
          "resolved": "https://registry.npmjs.org/xmlbuilder/-/xmlbuilder-0.4.2.tgz"
        }
      }
    }
  }
}
